// !$*UTF8*$!
{
	archiveVersion = 1;
	classes = {
	};
	objectVersion = 48;
	objects = {

/* Begin PBXBuildFile section */
		6F9F0D93204F1B3300B174CB /* AppDelegate.swift in Sources */ = {isa = PBXBuildFile; fileRef = 6F9F0D92204F1B3300B174CB /* AppDelegate.swift */; };
		6F9F0D95204F1B3300B174CB /* ViewController.swift in Sources */ = {isa = PBXBuildFile; fileRef = 6F9F0D94204F1B3300B174CB /* ViewController.swift */; };
		6F9F0D98204F1B3300B174CB /* Main.storyboard in Resources */ = {isa = PBXBuildFile; fileRef = 6F9F0D96204F1B3300B174CB /* Main.storyboard */; };
		6F9F0D9A204F1B3300B174CB /* Assets.xcassets in Resources */ = {isa = PBXBuildFile; fileRef = 6F9F0D99204F1B3300B174CB /* Assets.xcassets */; };
		6F9F0D9D204F1B3300B174CB /* LaunchScreen.storyboard in Resources */ = {isa = PBXBuildFile; fileRef = 6F9F0D9B204F1B3300B174CB /* LaunchScreen.storyboard */; };
		6FB1378E204F2A93007EEFF7 /* MovieViewController.swift in Sources */ = {isa = PBXBuildFile; fileRef = 6FB1378D204F2A93007EEFF7 /* MovieViewController.swift */; };
		6FB13791204F302D007EEFF7 /* MovieTableViewCell.swift in Sources */ = {isa = PBXBuildFile; fileRef = 6FB13790204F302D007EEFF7 /* MovieTableViewCell.swift */; };
		D40C73168A279346242B38A6 /* Pods_MovieApp.framework in Frameworks */ = {isa = PBXBuildFile; fileRef = 04D5C50E7F1376B1491429E1 /* Pods_MovieApp.framework */; };
/* End PBXBuildFile section */

/* Begin PBXFileReference section */
		04D5C50E7F1376B1491429E1 /* Pods_MovieApp.framework */ = {isa = PBXFileReference; explicitFileType = wrapper.framework; includeInIndex = 0; path = Pods_MovieApp.framework; sourceTree = BUILT_PRODUCTS_DIR; };
		6F9F0D8F204F1B3300B174CB /* MovieApp.app */ = {isa = PBXFileReference; explicitFileType = wrapper.application; includeInIndex = 0; path = MovieApp.app; sourceTree = BUILT_PRODUCTS_DIR; };
		6F9F0D92204F1B3300B174CB /* AppDelegate.swift */ = {isa = PBXFileReference; lastKnownFileType = sourcecode.swift; path = AppDelegate.swift; sourceTree = "<group>"; };
		6F9F0D94204F1B3300B174CB /* ViewController.swift */ = {isa = PBXFileReference; lastKnownFileType = sourcecode.swift; path = ViewController.swift; sourceTree = "<group>"; };
		6F9F0D97204F1B3300B174CB /* Base */ = {isa = PBXFileReference; lastKnownFileType = file.storyboard; name = Base; path = Base.lproj/Main.storyboard; sourceTree = "<group>"; };
		6F9F0D99204F1B3300B174CB /* Assets.xcassets */ = {isa = PBXFileReference; lastKnownFileType = folder.assetcatalog; path = Assets.xcassets; sourceTree = "<group>"; };
		6F9F0D9C204F1B3300B174CB /* Base */ = {isa = PBXFileReference; lastKnownFileType = file.storyboard; name = Base; path = Base.lproj/LaunchScreen.storyboard; sourceTree = "<group>"; };
		6F9F0D9E204F1B3300B174CB /* Info.plist */ = {isa = PBXFileReference; lastKnownFileType = text.plist.xml; path = Info.plist; sourceTree = "<group>"; };
		6FB1378D204F2A93007EEFF7 /* MovieViewController.swift */ = {isa = PBXFileReference; lastKnownFileType = sourcecode.swift; path = MovieViewController.swift; sourceTree = "<group>"; };
		6FB13790204F302D007EEFF7 /* MovieTableViewCell.swift */ = {isa = PBXFileReference; lastKnownFileType = sourcecode.swift; path = MovieTableViewCell.swift; sourceTree = "<group>"; };
		8C19E3985DCF00E84B6CD3CA /* Pods-MovieApp.debug.xcconfig */ = {isa = PBXFileReference; includeInIndex = 1; lastKnownFileType = text.xcconfig; name = "Pods-MovieApp.debug.xcconfig"; path = "Pods/Target Support Files/Pods-MovieApp/Pods-MovieApp.debug.xcconfig"; sourceTree = "<group>"; };
		A7B32082BF07CFD61298F0FD /* Pods-MovieApp.release.xcconfig */ = {isa = PBXFileReference; includeInIndex = 1; lastKnownFileType = text.xcconfig; name = "Pods-MovieApp.release.xcconfig"; path = "Pods/Target Support Files/Pods-MovieApp/Pods-MovieApp.release.xcconfig"; sourceTree = "<group>"; };
/* End PBXFileReference section */

/* Begin PBXFrameworksBuildPhase section */
		6F9F0D8C204F1B3300B174CB /* Frameworks */ = {
			isa = PBXFrameworksBuildPhase;
			buildActionMask = 2147483647;
			files = (
				D40C73168A279346242B38A6 /* Pods_MovieApp.framework in Frameworks */,
			);
			runOnlyForDeploymentPostprocessing = 0;
		};
/* End PBXFrameworksBuildPhase section */

/* Begin PBXGroup section */
		6F9F0D86204F1B3300B174CB = {
			isa = PBXGroup;
			children = (
				6F9F0D91204F1B3300B174CB /* MovieApp */,
				6F9F0D90204F1B3300B174CB /* Products */,
				8F93D6D30F6324596779609A /* Pods */,
				CB9771847C99C6F5F78E1352 /* Frameworks */,
			);
			sourceTree = "<group>";
		};
		6F9F0D90204F1B3300B174CB /* Products */ = {
			isa = PBXGroup;
			children = (
				6F9F0D8F204F1B3300B174CB /* MovieApp.app */,
			);
			name = Products;
			sourceTree = "<group>";
		};
		6F9F0D91204F1B3300B174CB /* MovieApp */ = {
			isa = PBXGroup;
			children = (
				6FB1378F204F3012007EEFF7 /* Cell */,
				6FB1378C204F2A6E007EEFF7 /* ViewControllers */,
				6F9F0D92204F1B3300B174CB /* AppDelegate.swift */,
				6F9F0D94204F1B3300B174CB /* ViewController.swift */,
				6F9F0D96204F1B3300B174CB /* Main.storyboard */,
				6F9F0D99204F1B3300B174CB /* Assets.xcassets */,
				6F9F0D9B204F1B3300B174CB /* LaunchScreen.storyboard */,
				6F9F0D9E204F1B3300B174CB /* Info.plist */,
			);
			path = MovieApp;
			sourceTree = "<group>";
		};
		6FB1378C204F2A6E007EEFF7 /* ViewControllers */ = {
			isa = PBXGroup;
			children = (
				6FB1378D204F2A93007EEFF7 /* MovieViewController.swift */,
			);
			path = ViewControllers;
			sourceTree = "<group>";
		};
		6FB1378F204F3012007EEFF7 /* Cell */ = {
			isa = PBXGroup;
			children = (
				6FB13790204F302D007EEFF7 /* MovieTableViewCell.swift */,
			);
			path = Cell;
			sourceTree = "<group>";
		};
		8F93D6D30F6324596779609A /* Pods */ = {
			isa = PBXGroup;
			children = (
				8C19E3985DCF00E84B6CD3CA /* Pods-MovieApp.debug.xcconfig */,
				A7B32082BF07CFD61298F0FD /* Pods-MovieApp.release.xcconfig */,
			);
			name = Pods;
			sourceTree = "<group>";
		};
		CB9771847C99C6F5F78E1352 /* Frameworks */ = {
			isa = PBXGroup;
			children = (
				04D5C50E7F1376B1491429E1 /* Pods_MovieApp.framework */,
			);
			name = Frameworks;
			sourceTree = "<group>";
		};
/* End PBXGroup section */

/* Begin PBXNativeTarget section */
		6F9F0D8E204F1B3300B174CB /* MovieApp */ = {
			isa = PBXNativeTarget;
			buildConfigurationList = 6F9F0DA1204F1B3300B174CB /* Build configuration list for PBXNativeTarget "MovieApp" */;
			buildPhases = (
				4D1C04A53ADBD935645CA90B /* [CP] Check Pods Manifest.lock */,
				6F9F0D8B204F1B3300B174CB /* Sources */,
				6F9F0D8C204F1B3300B174CB /* Frameworks */,
				6F9F0D8D204F1B3300B174CB /* Resources */,
				6F8601CB619D480FA08D72A5 /* [CP] Embed Pods Frameworks */,
				FA8D86615B9A3D407399D911 /* [CP] Copy Pods Resources */,
			);
			buildRules = (
			);
			dependencies = (
			);
			name = MovieApp;
			productName = MovieApp;
			productReference = 6F9F0D8F204F1B3300B174CB /* MovieApp.app */;
			productType = "com.apple.product-type.application";
		};
/* End PBXNativeTarget section */

/* Begin PBXProject section */
		6F9F0D87204F1B3300B174CB /* Project object */ = {
			isa = PBXProject;
			attributes = {
				LastSwiftUpdateCheck = 0920;
				LastUpgradeCheck = 0920;
				ORGANIZATIONNAME = lhvan;
				TargetAttributes = {
					6F9F0D8E204F1B3300B174CB = {
						CreatedOnToolsVersion = 9.2;
						ProvisioningStyle = Automatic;
					};
				};
			};
			buildConfigurationList = 6F9F0D8A204F1B3300B174CB /* Build configuration list for PBXProject "MovieApp" */;
			compatibilityVersion = "Xcode 8.0";
			developmentRegion = en;
			hasScannedForEncodings = 0;
			knownRegions = (
				en,
				Base,
			);
			mainGroup = 6F9F0D86204F1B3300B174CB;
			productRefGroup = 6F9F0D90204F1B3300B174CB /* Products */;
			projectDirPath = "";
			projectRoot = "";
			targets = (
				6F9F0D8E204F1B3300B174CB /* MovieApp */,
			);
		};
/* End PBXProject section */

/* Begin PBXResourcesBuildPhase section */
		6F9F0D8D204F1B3300B174CB /* Resources */ = {
			isa = PBXResourcesBuildPhase;
			buildActionMask = 2147483647;
			files = (
				6F9F0D9D204F1B3300B174CB /* LaunchScreen.storyboard in Resources */,
				6F9F0D9A204F1B3300B174CB /* Assets.xcassets in Resources */,
				6F9F0D98204F1B3300B174CB /* Main.storyboard in Resources */,
			);
			runOnlyForDeploymentPostprocessing = 0;
		};
/* End PBXResourcesBuildPhase section */

/* Begin PBXShellScriptBuildPhase section */
		4D1C04A53ADBD935645CA90B /* [CP] Check Pods Manifest.lock */ = {
			isa = PBXShellScriptBuildPhase;
			buildActionMask = 2147483647;
			files = (
			);
			inputPaths = (
				"${PODS_PODFILE_DIR_PATH}/Podfile.lock",
				"${PODS_ROOT}/Manifest.lock",
			);
			name = "[CP] Check Pods Manifest.lock";
			outputPaths = (
				"$(DERIVED_FILE_DIR)/Pods-MovieApp-checkManifestLockResult.txt",
			);
			runOnlyForDeploymentPostprocessing = 0;
			shellPath = /bin/sh;
			shellScript = "diff \"${PODS_PODFILE_DIR_PATH}/Podfile.lock\" \"${PODS_ROOT}/Manifest.lock\" > /dev/null\nif [ $? != 0 ] ; then\n    # print error to STDERR\n    echo \"error: The sandbox is not in sync with the Podfile.lock. Run 'pod install' or update your CocoaPods installation.\" >&2\n    exit 1\nfi\n# This output is used by Xcode 'outputs' to avoid re-running this script phase.\necho \"SUCCESS\" > \"${SCRIPT_OUTPUT_FILE_0}\"\n";
			showEnvVarsInLog = 0;
		};
		6F8601CB619D480FA08D72A5 /* [CP] Embed Pods Frameworks */ = {
			isa = PBXShellScriptBuildPhase;
			buildActionMask = 2147483647;
			files = (
			);
			inputPaths = (
				"${SRCROOT}/Pods/Target Support Files/Pods-MovieApp/Pods-MovieApp-frameworks.sh",
				"${BUILT_PRODUCTS_DIR}/Alamofire/Alamofire.framework",
				"${BUILT_PRODUCTS_DIR}/Kingfisher/Kingfisher.framework",
				"${BUILT_PRODUCTS_DIR}/PageMenu/PageMenu.framework",
			);
			name = "[CP] Embed Pods Frameworks";
			outputPaths = (
				"${TARGET_BUILD_DIR}/${FRAMEWORKS_FOLDER_PATH}/Alamofire.framework",
				"${TARGET_BUILD_DIR}/${FRAMEWORKS_FOLDER_PATH}/Kingfisher.framework",
				"${TARGET_BUILD_DIR}/${FRAMEWORKS_FOLDER_PATH}/PageMenu.framework",
			);
			runOnlyForDeploymentPostprocessing = 0;
			shellPath = /bin/sh;
			shellScript = "\"${SRCROOT}/Pods/Target Support Files/Pods-MovieApp/Pods-MovieApp-frameworks.sh\"\n";
			showEnvVarsInLog = 0;
		};
		FA8D86615B9A3D407399D911 /* [CP] Copy Pods Resources */ = {
			isa = PBXShellScriptBuildPhase;
			buildActionMask = 2147483647;
			files = (
			);
			inputPaths = (
			);
			name = "[CP] Copy Pods Resources";
			outputPaths = (
			);
			runOnlyForDeploymentPostprocessing = 0;
			shellPath = /bin/sh;
			shellScript = "\"${SRCROOT}/Pods/Target Support Files/Pods-MovieApp/Pods-MovieApp-resources.sh\"\n";
			showEnvVarsInLog = 0;
		};
/* End PBXShellScriptBuildPhase section */

/* Begin PBXSourcesBuildPhase section */
		6F9F0D8B204F1B3300B174CB /* Sources */ = {
			isa = PBXSourcesBuildPhase;
			buildActionMask = 2147483647;
			files = (
				6F9F0D95204F1B3300B174CB /* ViewController.swift in Sources */,
				6F9F0D93204F1B3300B174CB /* AppDelegate.swift in Sources */,
				6FB13791204F302D007EEFF7 /* MovieTableViewCell.swift in Sources */,
				6FB1378E204F2A93007EEFF7 /* MovieViewController.swift in Sources */,
			);
			runOnlyForDeploymentPostprocessing = 0;
		};
/* End PBXSourcesBuildPhase section */

/* Begin PBXVariantGroup section */
		6F9F0D96204F1B3300B174CB /* Main.storyboard */ = {
			isa = PBXVariantGroup;
			children = (
				6F9F0D97204F1B3300B174CB /* Base */,
			);
			name = Main.storyboard;
			sourceTree = "<group>";
		};
		6F9F0D9B204F1B3300B174CB /* LaunchScreen.storyboard */ = {
			isa = PBXVariantGroup;
			children = (
				6F9F0D9C204F1B3300B174CB /* Base */,
			);
			name = LaunchScreen.storyboard;
			sourceTree = "<group>";
		};
/* End PBXVariantGroup section */

/* Begin XCBuildConfiguration section */
		6F9F0D9F204F1B3300B174CB /* Debug */ = {
			isa = XCBuildConfiguration;
			buildSettings = {
				ALWAYS_SEARCH_USER_PATHS = NO;
				CLANG_ANALYZER_NONNULL = YES;
				CLANG_ANALYZER_NUMBER_OBJECT_CONVERSION = YES_AGGRESSIVE;
				CLANG_CXX_LANGUAGE_STANDARD = "gnu++14";
				CLANG_CXX_LIBRARY = "libc++";
				CLANG_ENABLE_MODULES = YES;
				CLANG_ENABLE_OBJC_ARC = YES;
				CLANG_WARN_BLOCK_CAPTURE_AUTORELEASING = YES;
				CLANG_WARN_BOOL_CONVERSION = YES;
				CLANG_WARN_COMMA = YES;
				CLANG_WARN_CONSTANT_CONVERSION = YES;
				CLANG_WARN_DIRECT_OBJC_ISA_USAGE = YES_ERROR;
				CLANG_WARN_DOCUMENTATION_COMMENTS = YES;
				CLANG_WARN_EMPTY_BODY = YES;
				CLANG_WARN_ENUM_CONVERSION = YES;
				CLANG_WARN_INFINITE_RECURSION = YES;
				CLANG_WARN_INT_CONVERSION = YES;
				CLANG_WARN_NON_LITERAL_NULL_CONVERSION = YES;
				CLANG_WARN_OBJC_LITERAL_CONVERSION = YES;
				CLANG_WARN_OBJC_ROOT_CLASS = YES_ERROR;
				CLANG_WARN_RANGE_LOOP_ANALYSIS = YES;
				CLANG_WARN_STRICT_PROTOTYPES = YES;
				CLANG_WARN_SUSPICIOUS_MOVE = YES;
				CLANG_WARN_UNGUARDED_AVAILABILITY = YES_AGGRESSIVE;
				CLANG_WARN_UNREACHABLE_CODE = YES;
				CLANG_WARN__DUPLICATE_METHOD_MATCH = YES;
				CODE_SIGN_IDENTITY = "iPhone Developer";
				COPY_PHASE_STRIP = NO;
				DEBUG_INFORMATION_FORMAT = dwarf;
				ENABLE_STRICT_OBJC_MSGSEND = YES;
				ENABLE_TESTABILITY = YES;
				GCC_C_LANGUAGE_STANDARD = gnu11;
				GCC_DYNAMIC_NO_PIC = NO;
				GCC_NO_COMMON_BLOCKS = YES;
				GCC_OPTIMIZATION_LEVEL = 0;
				GCC_PREPROCESSOR_DEFINITIONS = (
					"DEBUG=1",
					"$(inherited)",
				);
				GCC_WARN_64_TO_32_BIT_CONVERSION = YES;
				GCC_WARN_ABOUT_RETURN_TYPE = YES_ERROR;
				GCC_WARN_UNDECLARED_SELECTOR = YES;
				GCC_WARN_UNINITIALIZED_AUTOS = YES_AGGRESSIVE;
				GCC_WARN_UNUSED_FUNCTION = YES;
				GCC_WARN_UNUSED_VARIABLE = YES;
				IPHONEOS_DEPLOYMENT_TARGET = 11.2;
				MTL_ENABLE_DEBUG_INFO = YES;
				ONLY_ACTIVE_ARCH = YES;
				SDKROOT = iphoneos;
				SWIFT_ACTIVE_COMPILATION_CONDITIONS = DEBUG;
				SWIFT_OPTIMIZATION_LEVEL = "-Onone";
			};
			name = Debug;
		};
		6F9F0DA0204F1B3300B174CB /* Release */ = {
			isa = XCBuildConfiguration;
			buildSettings = {
				ALWAYS_SEARCH_USER_PATHS = NO;
				CLANG_ANALYZER_NONNULL = YES;
				CLANG_ANALYZER_NUMBER_OBJECT_CONVERSION = YES_AGGRESSIVE;
				CLANG_CXX_LANGUAGE_STANDARD = "gnu++14";
				CLANG_CXX_LIBRARY = "libc++";
				CLANG_ENABLE_MODULES = YES;
				CLANG_ENABLE_OBJC_ARC = YES;
				CLANG_WARN_BLOCK_CAPTURE_AUTORELEASING = YES;
				CLANG_WARN_BOOL_CONVERSION = YES;
				CLANG_WARN_COMMA = YES;
				CLANG_WARN_CONSTANT_CONVERSION = YES;
				CLANG_WARN_DIRECT_OBJC_ISA_USAGE = YES_ERROR;
				CLANG_WARN_DOCUMENTATION_COMMENTS = YES;
				CLANG_WARN_EMPTY_BODY = YES;
				CLANG_WARN_ENUM_CONVERSION = YES;
				CLANG_WARN_INFINITE_RECURSION = YES;
				CLANG_WARN_INT_CONVERSION = YES;
				CLANG_WARN_NON_LITERAL_NULL_CONVERSION = YES;
				CLANG_WARN_OBJC_LITERAL_CONVERSION = YES;
				CLANG_WARN_OBJC_ROOT_CLASS = YES_ERROR;
				CLANG_WARN_RANGE_LOOP_ANALYSIS = YES;
				CLANG_WARN_STRICT_PROTOTYPES = YES;
				CLANG_WARN_SUSPICIOUS_MOVE = YES;
				CLANG_WARN_UNGUARDED_AVAILABILITY = YES_AGGRESSIVE;
				CLANG_WARN_UNREACHABLE_CODE = YES;
				CLANG_WARN__DUPLICATE_METHOD_MATCH = YES;
				CODE_SIGN_IDENTITY = "iPhone Developer";
				COPY_PHASE_STRIP = NO;
				DEBUG_INFORMATION_FORMAT = "dwarf-with-dsym";
				ENABLE_NS_ASSERTIONS = NO;
				ENABLE_STRICT_OBJC_MSGSEND = YES;
				GCC_C_LANGUAGE_STANDARD = gnu11;
				GCC_NO_COMMON_BLOCKS = YES;
				GCC_WARN_64_TO_32_BIT_CONVERSION = YES;
				GCC_WARN_ABOUT_RETURN_TYPE = YES_ERROR;
				GCC_WARN_UNDECLARED_SELECTOR = YES;
				GCC_WARN_UNINITIALIZED_AUTOS = YES_AGGRESSIVE;
				GCC_WARN_UNUSED_FUNCTION = YES;
				GCC_WARN_UNUSED_VARIABLE = YES;
				IPHONEOS_DEPLOYMENT_TARGET = 11.2;
				MTL_ENABLE_DEBUG_INFO = NO;
				SDKROOT = iphoneos;
				SWIFT_OPTIMIZATION_LEVEL = "-Owholemodule";
				VALIDATE_PRODUCT = YES;
			};
			name = Release;
		};
		6F9F0DA2204F1B3300B174CB /* Debug */ = {
			isa = XCBuildConfiguration;
			baseConfigurationReference = 8C19E3985DCF00E84B6CD3CA /* Pods-MovieApp.debug.xcconfig */;
			buildSettings = {
				ASSETCATALOG_COMPILER_APPICON_NAME = AppIcon;
				CODE_SIGN_STYLE = Automatic;
				DEVELOPMENT_TEAM = EWV6ACNJ7K;
				INFOPLIST_FILE = MovieApp/Info.plist;
				IPHONEOS_DEPLOYMENT_TARGET = 10.0;
				LD_RUNPATH_SEARCH_PATHS = "$(inherited) @executable_path/Frameworks";
				PRODUCT_BUNDLE_IDENTIFIER = com.lhvan89.MovieApp;
				PRODUCT_NAME = "$(TARGET_NAME)";
				SWIFT_VERSION = 4.0;
				TARGETED_DEVICE_FAMILY = "1,2";
			};
			name = Debug;
		};
		6F9F0DA3204F1B3300B174CB /* Release */ = {
			isa = XCBuildConfiguration;
			baseConfigurationReference = A7B32082BF07CFD61298F0FD /* Pods-MovieApp.release.xcconfig */;
			buildSettings = {
				ASSETCATALOG_COMPILER_APPICON_NAME = AppIcon;
				CODE_SIGN_STYLE = Automatic;
				DEVELOPMENT_TEAM = EWV6ACNJ7K;
				INFOPLIST_FILE = MovieApp/Info.plist;
				IPHONEOS_DEPLOYMENT_TARGET = 10.0;
				LD_RUNPATH_SEARCH_PATHS = "$(inherited) @executable_path/Frameworks";
				PRODUCT_BUNDLE_IDENTIFIER = com.lhvan89.MovieApp;
				PRODUCT_NAME = "$(TARGET_NAME)";
				SWIFT_VERSION = 4.0;
				TARGETED_DEVICE_FAMILY = "1,2";
			};
			name = Release;
		};
/* End XCBuildConfiguration section */

/* Begin XCConfigurationList section */
		6F9F0D8A204F1B3300B174CB /* Build configuration list for PBXProject "MovieApp" */ = {
			isa = XCConfigurationList;
			buildConfigurations = (
				6F9F0D9F204F1B3300B174CB /* Debug */,
				6F9F0DA0204F1B3300B174CB /* Release */,
			);
			defaultConfigurationIsVisible = 0;
			defaultConfigurationName = Release;
		};
		6F9F0DA1204F1B3300B174CB /* Build configuration list for PBXNativeTarget "MovieApp" */ = {
			isa = XCConfigurationList;
			buildConfigurations = (
				6F9F0DA2204F1B3300B174CB /* Debug */,
				6F9F0DA3204F1B3300B174CB /* Release */,
			);
			defaultConfigurationIsVisible = 0;
			defaultConfigurationName = Release;
		};
/* End XCConfigurationList section */
	};
	rootObject = 6F9F0D87204F1B3300B174CB /* Project object */;
}
